
Microsoft Visual Studio Solution File, Format Version 12.00
# Visual Studio Version 16
VisualStudioVersion = 16.0.30611.23
MinimumVisualStudioVersion = 10.0.40219.1
Project("{FAE04EC0-301F-11D3-BF4B-00C04F79EFBC}") = "DESEncryptor", "DESEncryptor\DESEncryptor.csproj", "{9B92D47A-C2BC-43D7-8B06-20A65FC0EAD7}"
EndProject
Global
	GlobalSection(SolutionConfigurationPlatforms) = preSolution
		Debug|Any CPU = Debug|Any CPU
		Release|Any CPU = Release|Any CPU
	EndGlobalSection
	GlobalSection(ProjectConfigurationPlatforms) = postSolution
		{9B92D47A-C2BC-43D7-8B06-20A65FC0EAD7}.Debug|Any CPU.ActiveCfg = Debug|Any CPU
		{9B92D47A-C2BC-43D7-8B06-20A65FC0EAD7}.Debug|Any CPU.Build.0 = Debug|Any CPU
		{9B92D47A-C2BC-43D7-8B06-20A65FC0EAD7}.Release|Any CPU.ActiveCfg = Release|Any CPU
		{9B92D47A-C2BC-43D7-8B06-20A65FC0EAD7}.Release|Any CPU.Build.0 = Release|Any CPU
	EndGlobalSection
	GlobalSection(SolutionProperties) = preSolution
		HideSolutionNode = FALSE
	EndGlobalSection
	GlobalSection(ExtensibilityGlobals) = postSolution
		SolutionGuid = {AFE5DF66-160E-4E90-881A-C37C29E1D1EE}
	EndGlobalSection
EndGlobal
